<?xml version="1.0" encoding="utf-8"?>
<Project ToolsVersion="4.0" xmlns="http://schemas.microsoft.com/developer/msbuild/2003">
  <ItemGroup>
    <Filter Include="Sandbox">
      <UniqueIdentifier>{35cf5e3b-700a-4ca3-8969-18ac8468ffda}</UniqueIdentifier>
    </Filter>
  </ItemGroup>
  <ItemGroup>
    <ClCompile Include="Test.cpp">
      <Filter>Sandbox</Filter>
    </ClCompile>
  </ItemGroup>
</Project>