
Microsoft Visual Studio Solution File, Format Version 12.00
# Visual Studio 14
VisualStudioVersion = 14.0.23107.0
MinimumVisualStudioVersion = 10.0.40219.1
Project("{8BC9CEB8-8B4A-11D0-8D11-00A0C91BC942}") = "Engine", "Engine\Engine.vcxproj", "{17F9D1C5-E64E-40A2-A76A-A3E238625B50}"
	ProjectSection(ProjectDependencies) = postProject
		{6402881C-ECC5-493C-B9B7-397D85616927} = {6402881C-ECC5-493C-B9B7-397D85616927}
		{3D5FDC22-5650-4D46-BF2E-AA511CCBF1E3} = {3D5FDC22-5650-4D46-BF2E-AA511CCBF1E3}
		{EED04D57-77FE-4C49-B53B-84BDDF5AF70E} = {EED04D57-77FE-4C49-B53B-84BDDF5AF70E}
		{88326E99-1A66-4AA1-AA0F-EE6E1AF625E0} = {88326E99-1A66-4AA1-AA0F-EE6E1AF625E0}
		{E27C24F9-0C6E-4C7B-982B-67FBD205129E} = {E27C24F9-0C6E-4C7B-982B-67FBD205129E}
	EndProjectSection
EndProject
Project("{8BC9CEB8-8B4A-11D0-8D11-00A0C91BC942}") = "Sandbox", "Sandbox\Sandbox.vcxproj", "{8AE53A34-0F58-43BD-8BCE-ACBC99FD87D8}"
	ProjectSection(ProjectDependencies) = postProject
		{17F9D1C5-E64E-40A2-A76A-A3E238625B50} = {17F9D1C5-E64E-40A2-A76A-A3E238625B50}
	EndProjectSection
EndProject
Project("{8BC9CEB8-8B4A-11D0-8D11-00A0C91BC942}") = "SDL2", "ThirdParty\SDL2\SDL2.vcxproj", "{3D5FDC22-5650-4D46-BF2E-AA511CCBF1E3}"
EndProject
Project("{2150E333-8FDC-42A3-9474-1A3956D46DE8}") = "ThirdParty", "ThirdParty", "{4CC15809-90DB-4F03-B2CA-0C8DDD4F9729}"
EndProject
Project("{2150E333-8FDC-42A3-9474-1A3956D46DE8}") = "Samples", "Samples", "{A17DC3ED-6595-4AEF-9263-122A8635FC44}"
EndProject
Project("{2150E333-8FDC-42A3-9474-1A3956D46DE8}") = "Engine", "Engine", "{B2B81775-7B68-4710-8E1B-A591466F4147}"
EndProject
Project("{8BC9CEB8-8B4A-11D0-8D11-00A0C91BC942}") = "Bullet", "ThirdParty\Bullet\Bullet.vcxproj", "{6402881C-ECC5-493C-B9B7-397D85616927}"
EndProject
Project("{8BC9CEB8-8B4A-11D0-8D11-00A0C91BC942}") = "zlib", "ThirdParty\zlib\zlib.vcxproj", "{88326E99-1A66-4AA1-AA0F-EE6E1AF625E0}"
EndProject
Project("{8BC9CEB8-8B4A-11D0-8D11-00A0C91BC942}") = "stb", "ThirdParty\stb\stb.vcxproj", "{EED04D57-77FE-4C49-B53B-84BDDF5AF70E}"
EndProject
Project("{8BC9CEB8-8B4A-11D0-8D11-00A0C91BC942}") = "glslang", "ThirdParty\glslang\glslang.vcxproj", "{E27C24F9-0C6E-4C7B-982B-67FBD205129E}"
EndProject
Global
	GlobalSection(SolutionConfigurationPlatforms) = preSolution
		Debug|x64 = Debug|x64
		Debug|x86 = Debug|x86
		Release|x64 = Release|x64
		Release|x86 = Release|x86
	EndGlobalSection
	GlobalSection(ProjectConfigurationPlatforms) = postSolution
		{17F9D1C5-E64E-40A2-A76A-A3E238625B50}.Debug|x64.ActiveCfg = Debug|x64
		{17F9D1C5-E64E-40A2-A76A-A3E238625B50}.Debug|x64.Build.0 = Debug|x64
		{17F9D1C5-E64E-40A2-A76A-A3E238625B50}.Debug|x86.ActiveCfg = Debug|Win32
		{17F9D1C5-E64E-40A2-A76A-A3E238625B50}.Debug|x86.Build.0 = Debug|Win32
		{17F9D1C5-E64E-40A2-A76A-A3E238625B50}.Release|x64.ActiveCfg = Release|x64
		{17F9D1C5-E64E-40A2-A76A-A3E238625B50}.Release|x64.Build.0 = Release|x64
		{17F9D1C5-E64E-40A2-A76A-A3E238625B50}.Release|x86.ActiveCfg = Release|Win32
		{17F9D1C5-E64E-40A2-A76A-A3E238625B50}.Release|x86.Build.0 = Release|Win32
		{8AE53A34-0F58-43BD-8BCE-ACBC99FD87D8}.Debug|x64.ActiveCfg = Debug|x64
		{8AE53A34-0F58-43BD-8BCE-ACBC99FD87D8}.Debug|x64.Build.0 = Debug|x64
		{8AE53A34-0F58-43BD-8BCE-ACBC99FD87D8}.Debug|x86.ActiveCfg = Debug|Win32
		{8AE53A34-0F58-43BD-8BCE-ACBC99FD87D8}.Debug|x86.Build.0 = Debug|Win32
		{8AE53A34-0F58-43BD-8BCE-ACBC99FD87D8}.Release|x64.ActiveCfg = Release|x64
		{8AE53A34-0F58-43BD-8BCE-ACBC99FD87D8}.Release|x64.Build.0 = Release|x64
		{8AE53A34-0F58-43BD-8BCE-ACBC99FD87D8}.Release|x86.ActiveCfg = Release|Win32
		{8AE53A34-0F58-43BD-8BCE-ACBC99FD87D8}.Release|x86.Build.0 = Release|Win32
		{3D5FDC22-5650-4D46-BF2E-AA511CCBF1E3}.Debug|x64.ActiveCfg = Debug|x64
		{3D5FDC22-5650-4D46-BF2E-AA511CCBF1E3}.Debug|x64.Build.0 = Debug|x64
		{3D5FDC22-5650-4D46-BF2E-AA511CCBF1E3}.Debug|x86.ActiveCfg = Debug|Win32
		{3D5FDC22-5650-4D46-BF2E-AA511CCBF1E3}.Debug|x86.Build.0 = Debug|Win32
		{3D5FDC22-5650-4D46-BF2E-AA511CCBF1E3}.Release|x64.ActiveCfg = Release|x64
		{3D5FDC22-5650-4D46-BF2E-AA511CCBF1E3}.Release|x64.Build.0 = Release|x64
		{3D5FDC22-5650-4D46-BF2E-AA511CCBF1E3}.Release|x86.ActiveCfg = Release|Win32
		{3D5FDC22-5650-4D46-BF2E-AA511CCBF1E3}.Release|x86.Build.0 = Release|Win32
		{6402881C-ECC5-493C-B9B7-397D85616927}.Debug|x64.ActiveCfg = Debug|x64
		{6402881C-ECC5-493C-B9B7-397D85616927}.Debug|x64.Build.0 = Debug|x64
		{6402881C-ECC5-493C-B9B7-397D85616927}.Debug|x86.ActiveCfg = Debug|Win32
		{6402881C-ECC5-493C-B9B7-397D85616927}.Debug|x86.Build.0 = Debug|Win32
		{6402881C-ECC5-493C-B9B7-397D85616927}.Release|x64.ActiveCfg = Release|x64
		{6402881C-ECC5-493C-B9B7-397D85616927}.Release|x64.Build.0 = Release|x64
		{6402881C-ECC5-493C-B9B7-397D85616927}.Release|x86.ActiveCfg = Release|Win32
		{6402881C-ECC5-493C-B9B7-397D85616927}.Release|x86.Build.0 = Release|Win32
		{88326E99-1A66-4AA1-AA0F-EE6E1AF625E0}.Debug|x64.ActiveCfg = Debug|x64
		{88326E99-1A66-4AA1-AA0F-EE6E1AF625E0}.Debug|x64.Build.0 = Debug|x64
		{88326E99-1A66-4AA1-AA0F-EE6E1AF625E0}.Debug|x86.ActiveCfg = Debug|Win32
		{88326E99-1A66-4AA1-AA0F-EE6E1AF625E0}.Debug|x86.Build.0 = Debug|Win32
		{88326E99-1A66-4AA1-AA0F-EE6E1AF625E0}.Release|x64.ActiveCfg = Release|x64
		{88326E99-1A66-4AA1-AA0F-EE6E1AF625E0}.Release|x64.Build.0 = Release|x64
		{88326E99-1A66-4AA1-AA0F-EE6E1AF625E0}.Release|x86.ActiveCfg = Release|Win32
		{88326E99-1A66-4AA1-AA0F-EE6E1AF625E0}.Release|x86.Build.0 = Release|Win32
		{EED04D57-77FE-4C49-B53B-84BDDF5AF70E}.Debug|x64.ActiveCfg = Debug|x64
		{EED04D57-77FE-4C49-B53B-84BDDF5AF70E}.Debug|x64.Build.0 = Debug|x64
		{EED04D57-77FE-4C49-B53B-84BDDF5AF70E}.Debug|x86.ActiveCfg = Debug|Win32
		{EED04D57-77FE-4C49-B53B-84BDDF5AF70E}.Debug|x86.Build.0 = Debug|Win32
		{EED04D57-77FE-4C49-B53B-84BDDF5AF70E}.Release|x64.ActiveCfg = Release|x64
		{EED04D57-77FE-4C49-B53B-84BDDF5AF70E}.Release|x64.Build.0 = Release|x64
		{EED04D57-77FE-4C49-B53B-84BDDF5AF70E}.Release|x86.ActiveCfg = Release|Win32
		{EED04D57-77FE-4C49-B53B-84BDDF5AF70E}.Release|x86.Build.0 = Release|Win32
		{E27C24F9-0C6E-4C7B-982B-67FBD205129E}.Debug|x64.ActiveCfg = Debug|x64
		{E27C24F9-0C6E-4C7B-982B-67FBD205129E}.Debug|x64.Build.0 = Debug|x64
		{E27C24F9-0C6E-4C7B-982B-67FBD205129E}.Debug|x86.ActiveCfg = Debug|Win32
		{E27C24F9-0C6E-4C7B-982B-67FBD205129E}.Debug|x86.Build.0 = Debug|Win32
		{E27C24F9-0C6E-4C7B-982B-67FBD205129E}.Release|x64.ActiveCfg = Release|x64
		{E27C24F9-0C6E-4C7B-982B-67FBD205129E}.Release|x64.Build.0 = Release|x64
		{E27C24F9-0C6E-4C7B-982B-67FBD205129E}.Release|x86.ActiveCfg = Release|Win32
		{E27C24F9-0C6E-4C7B-982B-67FBD205129E}.Release|x86.Build.0 = Release|Win32
	EndGlobalSection
	GlobalSection(SolutionProperties) = preSolution
		HideSolutionNode = FALSE
	EndGlobalSection
	GlobalSection(NestedProjects) = preSolution
		{17F9D1C5-E64E-40A2-A76A-A3E238625B50} = {B2B81775-7B68-4710-8E1B-A591466F4147}
		{8AE53A34-0F58-43BD-8BCE-ACBC99FD87D8} = {B2B81775-7B68-4710-8E1B-A591466F4147}
		{3D5FDC22-5650-4D46-BF2E-AA511CCBF1E3} = {4CC15809-90DB-4F03-B2CA-0C8DDD4F9729}
		{6402881C-ECC5-493C-B9B7-397D85616927} = {4CC15809-90DB-4F03-B2CA-0C8DDD4F9729}
		{88326E99-1A66-4AA1-AA0F-EE6E1AF625E0} = {4CC15809-90DB-4F03-B2CA-0C8DDD4F9729}
		{EED04D57-77FE-4C49-B53B-84BDDF5AF70E} = {4CC15809-90DB-4F03-B2CA-0C8DDD4F9729}
		{E27C24F9-0C6E-4C7B-982B-67FBD205129E} = {4CC15809-90DB-4F03-B2CA-0C8DDD4F9729}
	EndGlobalSection
EndGlobal
